
Microsoft Visual Studio Solution File, Format Version 12.00
# Visual Studio 2012
Project("{FAE04EC0-301F-11D3-BF4B-00C04F79EFBC}") = "FinalProject1.cs", "FinalProject1.cs\FinalProject1.cs.csproj", "{CD8FBB84-E86B-4FBC-A8FE-BC8E6379FA89}"
EndProject
Global
	GlobalSection(SolutionConfigurationPlatforms) = preSolution
		Debug|Any CPU = Debug|Any CPU
		Release|Any CPU = Release|Any CPU
	EndGlobalSection
	GlobalSection(ProjectConfigurationPlatforms) = postSolution
		{CD8FBB84-E86B-4FBC-A8FE-BC8E6379FA89}.Debug|Any CPU.ActiveCfg = Debug|Any CPU
		{CD8FBB84-E86B-4FBC-A8FE-BC8E6379FA89}.Debug|Any CPU.Build.0 = Debug|Any CPU
		{CD8FBB84-E86B-4FBC-A8FE-BC8E6379FA89}.Release|Any CPU.ActiveCfg = Release|Any CPU
		{CD8FBB84-E86B-4FBC-A8FE-BC8E6379FA89}.Release|Any CPU.Build.0 = Release|Any CPU
	EndGlobalSection
EndGlobal
